speakeasyVersion: 1.525.2
sources:
    GustoEmbedded-OAS:
        sourceNamespace: gusto-embedded-oas
        sourceRevisionDigest: sha256:be714595092b38e09d39d65b877d9e8a86bd52c926d66b949a9cc188601b2fa7
        sourceBlobDigest: sha256:58bac3b0a66b3771214f68c2c08660af8b65c369f4f599bbde1323d94f240b52
        tags:
            - latest
            - speakeasy-sdk-regen-1747700399
            - "2024-04-01"
targets:
    gusto-embedded:
        source: GustoEmbedded-OAS
        sourceNamespace: gusto-embedded-oas
        sourceRevisionDigest: sha256:be714595092b38e09d39d65b877d9e8a86bd52c926d66b949a9cc188601b2fa7
        sourceBlobDigest: sha256:58bac3b0a66b3771214f68c2c08660af8b65c369f4f599bbde1323d94f240b52
        codeSamplesNamespace: gusto-embedded-oas-java-code-samples
        codeSamplesRevisionDigest: sha256:15d0a463d920a6e5c58f4a4dc30e460eac0a10b1b33f6d272c6472d87db67b62
workflow:
    workflowVersion: 1.0.0
    speakeasyVersion: latest
    sources:
        GustoEmbedded-OAS:
            inputs:
                - location: https://raw.githubusercontent.com/Gusto/Gusto-Partner-API/refs/heads/main/generated/embedded/api.v2024-04-01.embedded.yaml
                  authHeader: Authorization
                  authSecret: $openapi_doc_auth_token
            overlays:
                - location: https://raw.githubusercontent.com/Gusto/Gusto-Partner-API/refs/heads/main/.speakeasy/speakeasy-modifications-overlay.yaml
                  authHeader: Authorization
                  authSecret: $openapi_doc_auth_token
            registry:
                location: registry.speakeasyapi.dev/gusto/ruby-sdk/gusto-embedded-oas
    targets:
        gusto-embedded:
            target: java
            source: GustoEmbedded-OAS
            output: ./gusto_embedded
            codeSamples:
                registry:
                    location: registry.speakeasyapi.dev/gusto/ruby-sdk/gusto-embedded-oas-java-code-samples
                labelOverride:
                    fixedValue: Java (SDK)
                blocking: false
