speakeasyVersion: 1.525.2
sources:
    GustoEmbedded-OAS:
        sourceNamespace: gusto-embedded-oas
        sourceRevisionDigest: sha256:5bfaf0c0689bbba4775a5622ce0c7983edb2f4eab156562bee4712a48d0d64c6
        sourceBlobDigest: sha256:278f904b41465bfa8c51ccbf50aa84ca9ef215b820c2491e72f653506314022c
        tags:
            - latest
            - speakeasy-sdk-regen-1743553115
            - "2024-04-01"
targets:
    gusto-embedded:
        source: GustoEmbedded-OAS
        sourceNamespace: gusto-embedded-oas
        sourceRevisionDigest: sha256:5bfaf0c0689bbba4775a5622ce0c7983edb2f4eab156562bee4712a48d0d64c6
        sourceBlobDigest: sha256:278f904b41465bfa8c51ccbf50aa84ca9ef215b820c2491e72f653506314022c
        codeSamplesNamespace: gusto-embedded-oas-java-code-samples
        codeSamplesRevisionDigest: sha256:2d2e665c3b5fe385ed22241cc9794dc81501345585fbae49729e1c3c13efa138
workflow:
    workflowVersion: 1.0.0
    speakeasyVersion: latest
    sources:
        GustoEmbedded-OAS:
            inputs:
                - location: https://raw.githubusercontent.com/Gusto/Gusto-Partner-API/refs/heads/main/generated/embedded/api.v2024-04-01.embedded.yaml
                  authHeader: Authorization
                  authSecret: $openapi_doc_auth_token
            overlays:
                - location: https://raw.githubusercontent.com/Gusto/Gusto-Partner-API/refs/heads/main/.speakeasy/speakeasy-modifications-overlay.yaml
                  authHeader: Authorization
                  authSecret: $openapi_doc_auth_token
            registry:
                location: registry.speakeasyapi.dev/gusto/ruby-sdk/gusto-embedded-oas
    targets:
        gusto-embedded:
            target: java
            source: GustoEmbedded-OAS
            output: ./gusto_embedded
            codeSamples:
                registry:
                    location: registry.speakeasyapi.dev/gusto/ruby-sdk/gusto-embedded-oas-java-code-samples
                labelOverride:
                    fixedValue: Java (SDK)
                blocking: false
