speakeasyVersion: 1.525.2
sources:
    GustoEmbedded-OAS:
        sourceNamespace: gusto-embedded-oas
        sourceRevisionDigest: sha256:bb694d0087b14cbcbac56c6f63203d43552891f2c8a49319ce33abedc35440bf
        sourceBlobDigest: sha256:37549766e4e4aaa724787a0c4d2ebc89fb776a0ccd77ca1836ece4c10a011b95
        tags:
            - latest
            - speakeasy-sdk-regen-1743812272
            - "2024-04-01"
targets:
    gusto-embedded:
        source: GustoEmbedded-OAS
        sourceNamespace: gusto-embedded-oas
        sourceRevisionDigest: sha256:bb694d0087b14cbcbac56c6f63203d43552891f2c8a49319ce33abedc35440bf
        sourceBlobDigest: sha256:37549766e4e4aaa724787a0c4d2ebc89fb776a0ccd77ca1836ece4c10a011b95
        codeSamplesNamespace: gusto-embedded-oas-java-code-samples
        codeSamplesRevisionDigest: sha256:48a3996e1a4d708a380a5c626cdac8591bc0f9c87a1c65dd002e57e9eb6ed311
workflow:
    workflowVersion: 1.0.0
    speakeasyVersion: latest
    sources:
        GustoEmbedded-OAS:
            inputs:
                - location: https://raw.githubusercontent.com/Gusto/Gusto-Partner-API/refs/heads/main/generated/embedded/api.v2024-04-01.embedded.yaml
                  authHeader: Authorization
                  authSecret: $openapi_doc_auth_token
            overlays:
                - location: https://raw.githubusercontent.com/Gusto/Gusto-Partner-API/refs/heads/main/.speakeasy/speakeasy-modifications-overlay.yaml
                  authHeader: Authorization
                  authSecret: $openapi_doc_auth_token
            registry:
                location: registry.speakeasyapi.dev/gusto/ruby-sdk/gusto-embedded-oas
    targets:
        gusto-embedded:
            target: java
            source: GustoEmbedded-OAS
            output: ./gusto_embedded
            codeSamples:
                registry:
                    location: registry.speakeasyapi.dev/gusto/ruby-sdk/gusto-embedded-oas-java-code-samples
                labelOverride:
                    fixedValue: Java (SDK)
                blocking: false
